# THIS IS AN AUTOGENERATED FILE. DO NOT EDIT THIS FILE DIRECTLY.
# yarn lockfile v1


buster-core@=0.6.4:
  version "0.6.4"
  resolved "https://registry.yarnpkg.com/buster-core/-/buster-core-0.6.4.tgz#27bf6bad674244ea720f311d900a0ca1cb786050"
  integrity sha1-J79rrWdCROpyDzEdkAoMoct4YFA=

buster-format@~0.5:
  version "0.5.6"
  resolved "https://registry.yarnpkg.com/buster-format/-/buster-format-0.5.6.tgz#2b86c322ecf5e1b0ae6e6e7905ebfcf387d2ab95"
  integrity sha1-K4bDIuz14bCubm55Bev884fSq5U=
  dependencies:
    buster-core "=0.6.4"

chai@1.5.0:
  version "1.5.0"
  resolved "https://registry.yarnpkg.com/chai/-/chai-1.5.0.tgz#9afa2003cfcb732896f829568ee308a67cbeccf0"
  integrity sha1-mvogA8/LcyiW+ClWjuMIpny+zPA=

commander@0.6.1:
  version "0.6.1"
  resolved "https://registry.yarnpkg.com/commander/-/commander-0.6.1.tgz#fa68a14f6a945d54dbbe50d8cdb3320e9e3b1a06"
  integrity sha1-+mihT2qUXVTbvlDYzbMyDp47GgY=

debug@*:
  version "4.1.1"
  resolved "https://registry.yarnpkg.com/debug/-/debug-4.1.1.tgz#3b72260255109c6b589cee050f1d516139664791"
  integrity sha512-pYAIzeRo8J6KPEaJ0VWOh5Pzkbw/RetuzehGM7QRRX5he4fPHx2rdKMB256ehJCkX+XRQm16eZLqLNS8RSZXZw==
  dependencies:
    ms "^2.1.1"

diff@1.0.2:
  version "1.0.2"
  resolved "https://registry.yarnpkg.com/diff/-/diff-1.0.2.tgz#4ae73f1aee8d6fcf484f1a1ce77ce651d9b7f0c9"
  integrity sha1-Suc/Gu6Nb89ITxoc53zmUdm38Mk=

growl@1.7.x:
  version "1.7.0"
  resolved "https://registry.yarnpkg.com/growl/-/growl-1.7.0.tgz#de2d66136d002e112ba70f3f10c31cf7c350b2da"
  integrity sha1-3i1mE20ALhErpw8/EMMc98NQsto=

handlebars@1.0.10:
  version "1.0.10"
  resolved "https://registry.yarnpkg.com/handlebars/-/handlebars-1.0.10.tgz#d1c2f90921ca0755c9eb5f4b468d33db19f32c3b"
  integrity sha1-0cL5CSHKB1XJ619LRo0z2xnzLDs=
  dependencies:
    optimist "~0.3"
    uglify-js "~1.2"

jade@0.26.3:
  version "0.26.3"
  resolved "https://registry.yarnpkg.com/jade/-/jade-0.26.3.tgz#8f10d7977d8d79f2f6ff862a81b0513ccb25686c"
  integrity sha1-jxDXl32NefL2/4YqgbBRPMslaGw=
  dependencies:
    commander "0.6.1"
    mkdirp "0.3.0"

mkdirp@0.3.0:
  version "0.3.0"
  resolved "https://registry.yarnpkg.com/mkdirp/-/mkdirp-0.3.0.tgz#1bbf5ab1ba827af23575143490426455f481fe1e"
  integrity sha1-G79asbqCevI1dRQ0kEJkVfSB/h4=

mkdirp@0.3.3:
  version "0.3.3"
  resolved "https://registry.yarnpkg.com/mkdirp/-/mkdirp-0.3.3.tgz#595e251c1370c3a68bab2136d0e348b8105adf13"
  integrity sha1-WV4lHBNww6aLqyE20ONIuBBa3xM=

mocha@1.8.2:
  version "1.8.2"
  resolved "https://registry.yarnpkg.com/mocha/-/mocha-1.8.2.tgz#fb6b1d07d98f2eba418546844c3be0731f75e390"
  integrity sha1-+2sdB9mPLrpBhUaETDvgcx9145A=
  dependencies:
    commander "0.6.1"
    debug "*"
    diff "1.0.2"
    growl "1.7.x"
    jade "0.26.3"
    mkdirp "0.3.3"
    ms "0.3.0"

ms@0.3.0:
  version "0.3.0"
  resolved "https://registry.yarnpkg.com/ms/-/ms-0.3.0.tgz#03edc348d613e66a56486cfdac53bcbe899cbd61"
  integrity sha1-A+3DSNYT5mpWSGz9rFO8vomcvWE=

ms@^2.1.1:
  version "2.1.1"
  resolved "https://registry.yarnpkg.com/ms/-/ms-2.1.1.tgz#30a5864eb3ebb0a66f2ebe6d727af06a09d86e0a"
  integrity sha512-tgp+dl5cGk28utYktBsrFqA7HKgrhgPsg6Z/EfhWI4gl1Hwq8B/GmY/0oXZ6nF8hDVesS/FpnYaD/kOWhYQvyg==

optimist@~0.3:
  version "0.3.7"
  resolved "https://registry.yarnpkg.com/optimist/-/optimist-0.3.7.tgz#c90941ad59e4273328923074d2cf2e7cbc6ec0d9"
  integrity sha1-yQlBrVnkJzMokjB00s8ufLxuwNk=
  dependencies:
    wordwrap "~0.0.2"

sinon@1.6.0:
  version "1.6.0"
  resolved "https://registry.yarnpkg.com/sinon/-/sinon-1.6.0.tgz#577b017d86943b8c42537d5ac2e863730f58cc9b"
  integrity sha1-V3sBfYaUO4xCU31awuhjcw9YzJs=
  dependencies:
    buster-format "~0.5"

uglify-js@~1.2:
  version "1.2.6"
  resolved "https://registry.yarnpkg.com/uglify-js/-/uglify-js-1.2.6.tgz#d354b2d3c1cf10ebc18fa78c11a28bdd9ce1580d"
  integrity sha1-01Sy08HPEOvBj6eMEaKL3ZzhWA0=

wordwrap@~0.0.2:
  version "0.0.3"
  resolved "https://registry.yarnpkg.com/wordwrap/-/wordwrap-0.0.3.tgz#a3d5da6cd5c0bc0008d37234bbaf1bed63059107"
  integrity sha1-o9XabNXAvAAI03I0u68b7WMFkQc=
